
Microsoft Visual Studio Solution File, Format Version 12.00
# Visual Studio Version 17
VisualStudioVersion = 17.14.36202.13 d17.14
MinimumVisualStudioVersion = 10.0.40219.1
Project("{FAE04EC0-301F-11D3-BF4B-00C04F79EFBC}") = "NorthwindBlazor", "NorthwindBlazor\NorthwindBlazor.csproj", "{BE378414-5E78-4CF3-892D-70C79EA5CF61}"
EndProject
Global
	GlobalSection(SolutionConfigurationPlatforms) = preSolution
		Debug|Any CPU = Debug|Any CPU
		Release|Any CPU = Release|Any CPU
	EndGlobalSection
	GlobalSection(ProjectConfigurationPlatforms) = postSolution
		{BE378414-5E78-4CF3-892D-70C79EA5CF61}.Debug|Any CPU.ActiveCfg = Debug|Any CPU
		{BE378414-5E78-4CF3-892D-70C79EA5CF61}.Debug|Any CPU.Build.0 = Debug|Any CPU
		{BE378414-5E78-4CF3-892D-70C79EA5CF61}.Release|Any CPU.ActiveCfg = Release|Any CPU
		{BE378414-5E78-4CF3-892D-70C79EA5CF61}.Release|Any CPU.Build.0 = Release|Any CPU
	EndGlobalSection
	GlobalSection(SolutionProperties) = preSolution
		HideSolutionNode = FALSE
	EndGlobalSection
	GlobalSection(ExtensibilityGlobals) = postSolution
		SolutionGuid = {D325CB6C-BBEF-469D-9307-33A56181E0A1}
	EndGlobalSection
EndGlobal
